// !$*UTF8*$!
{
	archiveVersion = 1;
	classes = {
	};
	objectVersion = 77;
	objects = {

/* Begin PBXContainerItemProxy section */
		BAB3E28D2D52761E00F888B9 /* PBXContainerItemProxy */ = {
			isa = PBXContainerItemProxy;
			containerPortal = BAB3E26F2D52761A00F888B9 /* Project object */;
			proxyType = 1;
			remoteGlobalIDString = BAB3E2762D52761A00F888B9;
			remoteInfo = FetchProject;
		};
		BAB3E2972D52761E00F888B9 /* PBXContainerItemProxy */ = {
			isa = PBXContainerItemProxy;
			containerPortal = BAB3E26F2D52761A00F888B9 /* Project object */;
			proxyType = 1;
			remoteGlobalIDString = BAB3E2762D52761A00F888B9;
			remoteInfo = FetchProject;
		};
/* End PBXContainerItemProxy section */

/* Begin PBXFileReference section */
		BAB3E2772D52761B00F888B9 /* FetchProject.app */ = {isa = PBXFileReference; explicitFileType = wrapper.application; includeInIndex = 0; path = FetchProject.app; sourceTree = BUILT_PRODUCTS_DIR; };
		BAB3E28C2D52761E00F888B9 /* FetchProjectTests.xctest */ = {isa = PBXFileReference; explicitFileType = wrapper.cfbundle; includeInIndex = 0; path = FetchProjectTests.xctest; sourceTree = BUILT_PRODUCTS_DIR; };
		BAB3E2962D52761E00F888B9 /* FetchProjectUITests.xctest */ = {isa = PBXFileReference; explicitFileType = wrapper.cfbundle; includeInIndex = 0; path = FetchProjectUITests.xctest; sourceTree = BUILT_PRODUCTS_DIR; };
/* End PBXFileReference section */

/* Begin PBXFileSystemSynchronizedRootGroup section */
		BAB3E2792D52761B00F888B9 /* FetchProject */ = {
			isa = PBXFileSystemSynchronizedRootGroup;
			path = FetchProject;
			sourceTree = "<group>";
		};
		BAB3E28F2D52761E00F888B9 /* FetchProjectTests */ = {
			isa = PBXFileSystemSynchronizedRootGroup;
			path = FetchProjectTests;
			sourceTree = "<group>";
		};
		BAB3E2992D52761E00F888B9 /* FetchProjectUITests */ = {
			isa = PBXFileSystemSynchronizedRootGroup;
			path = FetchProjectUITests;
			sourceTree = "<group>";
		};
/* End PBXFileSystemSynchronizedRootGroup section */

/* Begin PBXFrameworksBuildPhase section */
		BAB3E2742D52761A00F888B9 /* Frameworks */ = {
			isa = PBXFrameworksBuildPhase;
			buildActionMask = 2147483647;
			files = (
			);
			runOnlyForDeploymentPostprocessing = 0;
		};
		BAB3E2892D52761E00F888B9 /* Frameworks */ = {
			isa = PBXFrameworksBuildPhase;
			buildActionMask = 2147483647;
			files = (
			);
			runOnlyForDeploymentPostprocessing = 0;
		};
		BAB3E2932D52761E00F888B9 /* Frameworks */ = {
			isa = PBXFrameworksBuildPhase;
			buildActionMask = 2147483647;
			files = (
			);
			runOnlyForDeploymentPostprocessing = 0;
		};
/* End PBXFrameworksBuildPhase section */

/* Begin PBXGroup section */
		BAB3E26E2D52761A00F888B9 = {
			isa = PBXGroup;
			children = (
				BAB3E2792D52761B00F888B9 /* FetchProject */,
				BAB3E28F2D52761E00F888B9 /* FetchProjectTests */,
				BAB3E2992D52761E00F888B9 /* FetchProjectUITests */,
				BAB3E2782D52761B00F888B9 /* Products */,
			);
			sourceTree = "<group>";
		};
		BAB3E2782D52761B00F888B9 /* Products */ = {
			isa = PBXGroup;
			children = (
				BAB3E2772D52761B00F888B9 /* FetchProject.app */,
				BAB3E28C2D52761E00F888B9 /* FetchProjectTests.xctest */,
				BAB3E2962D52761E00F888B9 /* FetchProjectUITests.xctest */,
			);
			name = Products;
			sourceTree = "<group>";
		};
/* End PBXGroup section */

/* Begin PBXNativeTarget section */
		BAB3E2762D52761A00F888B9 /* FetchProject */ = {
			isa = PBXNativeTarget;
			buildConfigurationList = BAB3E2A02D52761E00F888B9 /* Build configuration list for PBXNativeTarget "FetchProject" */;
			buildPhases = (
				BAB3E2732D52761A00F888B9 /* Sources */,
				BAB3E2742D52761A00F888B9 /* Frameworks */,
				BAB3E2752D52761A00F888B9 /* Resources */,
			);
			buildRules = (
			);
			dependencies = (
			);
			fileSystemSynchronizedGroups = (
				BAB3E2792D52761B00F888B9 /* FetchProject */,
			);
			name = FetchProject;
			packageProductDependencies = (
			);
			productName = FetchProject;
			productReference = BAB3E2772D52761B00F888B9 /* FetchProject.app */;
			productType = "com.apple.product-type.application";
		};
		BAB3E28B2D52761E00F888B9 /* FetchProjectTests */ = {
			isa = PBXNativeTarget;
			buildConfigurationList = BAB3E2A32D52761E00F888B9 /* Build configuration list for PBXNativeTarget "FetchProjectTests" */;
			buildPhases = (
				BAB3E2882D52761E00F888B9 /* Sources */,
				BAB3E2892D52761E00F888B9 /* Frameworks */,
				BAB3E28A2D52761E00F888B9 /* Resources */,
			);
			buildRules = (
			);
			dependencies = (
				BAB3E28E2D52761E00F888B9 /* PBXTargetDependency */,
			);
			fileSystemSynchronizedGroups = (
				BAB3E28F2D52761E00F888B9 /* FetchProjectTests */,
			);
			name = FetchProjectTests;
			packageProductDependencies = (
			);
			productName = FetchProjectTests;
			productReference = BAB3E28C2D52761E00F888B9 /* FetchProjectTests.xctest */;
			productType = "com.apple.product-type.bundle.unit-test";
		};
		BAB3E2952D52761E00F888B9 /* FetchProjectUITests */ = {
			isa = PBXNativeTarget;
			buildConfigurationList = BAB3E2A62D52761E00F888B9 /* Build configuration list for PBXNativeTarget "FetchProjectUITests" */;
			buildPhases = (
				BAB3E2922D52761E00F888B9 /* Sources */,
				BAB3E2932D52761E00F888B9 /* Frameworks */,
				BAB3E2942D52761E00F888B9 /* Resources */,
			);
			buildRules = (
			);
			dependencies = (
				BAB3E2982D52761E00F888B9 /* PBXTargetDependency */,
			);
			fileSystemSynchronizedGroups = (
				BAB3E2992D52761E00F888B9 /* FetchProjectUITests */,
			);
			name = FetchProjectUITests;
			packageProductDependencies = (
			);
			productName = FetchProjectUITests;
			productReference = BAB3E2962D52761E00F888B9 /* FetchProjectUITests.xctest */;
			productType = "com.apple.product-type.bundle.ui-testing";
		};
/* End PBXNativeTarget section */

/* Begin PBXProject section */
		BAB3E26F2D52761A00F888B9 /* Project object */ = {
			isa = PBXProject;
			attributes = {
				BuildIndependentTargetsInParallel = 1;
				LastSwiftUpdateCheck = 1610;
				LastUpgradeCheck = 1610;
				TargetAttributes = {
					BAB3E2762D52761A00F888B9 = {
						CreatedOnToolsVersion = 16.1;
					};
					BAB3E28B2D52761E00F888B9 = {
						CreatedOnToolsVersion = 16.1;
						TestTargetID = BAB3E2762D52761A00F888B9;
					};
					BAB3E2952D52761E00F888B9 = {
						CreatedOnToolsVersion = 16.1;
						TestTargetID = BAB3E2762D52761A00F888B9;
					};
				};
			};
			buildConfigurationList = BAB3E2722D52761A00F888B9 /* Build configuration list for PBXProject "FetchProject" */;
			developmentRegion = en;
			hasScannedForEncodings = 0;
			knownRegions = (
				en,
				Base,
			);
			mainGroup = BAB3E26E2D52761A00F888B9;
			minimizedProjectReferenceProxies = 1;
			preferredProjectObjectVersion = 77;
			productRefGroup = BAB3E2782D52761B00F888B9 /* Products */;
			projectDirPath = "";
			projectRoot = "";
			targets = (
				BAB3E2762D52761A00F888B9 /* FetchProject */,
				BAB3E28B2D52761E00F888B9 /* FetchProjectTests */,
				BAB3E2952D52761E00F888B9 /* FetchProjectUITests */,
			);
		};
/* End PBXProject section */

/* Begin PBXResourcesBuildPhase section */
		BAB3E2752D52761A00F888B9 /* Resources */ = {
			isa = PBXResourcesBuildPhase;
			buildActionMask = 2147483647;
			files = (
			);
			runOnlyForDeploymentPostprocessing = 0;
		};
		BAB3E28A2D52761E00F888B9 /* Resources */ = {
			isa = PBXResourcesBuildPhase;
			buildActionMask = 2147483647;
			files = (
			);
			runOnlyForDeploymentPostprocessing = 0;
		};
		BAB3E2942D52761E00F888B9 /* Resources */ = {
			isa = PBXResourcesBuildPhase;
			buildActionMask = 2147483647;
			files = (
			);
			runOnlyForDeploymentPostprocessing = 0;
		};
/* End PBXResourcesBuildPhase section */

/* Begin PBXSourcesBuildPhase section */
		BAB3E2732D52761A00F888B9 /* Sources */ = {
			isa = PBXSourcesBuildPhase;
			buildActionMask = 2147483647;
			files = (
			);
			runOnlyForDeploymentPostprocessing = 0;
		};
		BAB3E2882D52761E00F888B9 /* Sources */ = {
			isa = PBXSourcesBuildPhase;
			buildActionMask = 2147483647;
			files = (
			);
			runOnlyForDeploymentPostprocessing = 0;
		};
		BAB3E2922D52761E00F888B9 /* Sources */ = {
			isa = PBXSourcesBuildPhase;
			buildActionMask = 2147483647;
			files = (
			);
			runOnlyForDeploymentPostprocessing = 0;
		};
/* End PBXSourcesBuildPhase section */

/* Begin PBXTargetDependency section */
		BAB3E28E2D52761E00F888B9 /* PBXTargetDependency */ = {
			isa = PBXTargetDependency;
			target = BAB3E2762D52761A00F888B9 /* FetchProject */;
			targetProxy = BAB3E28D2D52761E00F888B9 /* PBXContainerItemProxy */;
		};
		BAB3E2982D52761E00F888B9 /* PBXTargetDependency */ = {
			isa = PBXTargetDependency;
			target = BAB3E2762D52761A00F888B9 /* FetchProject */;
			targetProxy = BAB3E2972D52761E00F888B9 /* PBXContainerItemProxy */;
		};
/* End PBXTargetDependency section */

/* Begin XCBuildConfiguration section */
		BAB3E29E2D52761E00F888B9 /* Debug */ = {
			isa = XCBuildConfiguration;
			buildSettings = {
				ALWAYS_SEARCH_USER_PATHS = NO;
				ASSETCATALOG_COMPILER_GENERATE_SWIFT_ASSET_SYMBOL_EXTENSIONS = YES;
				CLANG_ANALYZER_NONNULL = YES;
				CLANG_ANALYZER_NUMBER_OBJECT_CONVERSION = YES_AGGRESSIVE;
				CLANG_CXX_LANGUAGE_STANDARD = "gnu++20";
				CLANG_ENABLE_MODULES = YES;
				CLANG_ENABLE_OBJC_ARC = YES;
				CLANG_ENABLE_OBJC_WEAK = YES;
				CLANG_WARN_BLOCK_CAPTURE_AUTORELEASING = YES;
				CLANG_WARN_BOOL_CONVERSION = YES;
				CLANG_WARN_COMMA = YES;
				CLANG_WARN_CONSTANT_CONVERSION = YES;
				CLANG_WARN_DEPRECATED_OBJC_IMPLEMENTATIONS = YES;
				CLANG_WARN_DIRECT_OBJC_ISA_USAGE = YES_ERROR;
				CLANG_WARN_DOCUMENTATION_COMMENTS = YES;
				CLANG_WARN_EMPTY_BODY = YES;
				CLANG_WARN_ENUM_CONVERSION = YES;
				CLANG_WARN_INFINITE_RECURSION = YES;
				CLANG_WARN_INT_CONVERSION = YES;
				CLANG_WARN_NON_LITERAL_NULL_CONVERSION = YES;
				CLANG_WARN_OBJC_IMPLICIT_RETAIN_SELF = YES;
				CLANG_WARN_OBJC_LITERAL_CONVERSION = YES;
				CLANG_WARN_OBJC_ROOT_CLASS = YES_ERROR;
				CLANG_WARN_QUOTED_INCLUDE_IN_FRAMEWORK_HEADER = YES;
				CLANG_WARN_RANGE_LOOP_ANALYSIS = YES;
				CLANG_WARN_STRICT_PROTOTYPES = YES;
				CLANG_WARN_SUSPICIOUS_MOVE = YES;
				CLANG_WARN_UNGUARDED_AVAILABILITY = YES_AGGRESSIVE;
				CLANG_WARN_UNREACHABLE_CODE = YES;
				CLANG_WARN__DUPLICATE_METHOD_MATCH = YES;
				COPY_PHASE_STRIP = NO;
				DEBUG_INFORMATION_FORMAT = dwarf;
				ENABLE_STRICT_OBJC_MSGSEND = YES;
				ENABLE_TESTABILITY = YES;
				ENABLE_USER_SCRIPT_SANDBOXING = YES;
				GCC_C_LANGUAGE_STANDARD = gnu17;
				GCC_DYNAMIC_NO_PIC = NO;
				GCC_NO_COMMON_BLOCKS = YES;
				GCC_OPTIMIZATION_LEVEL = 0;
				GCC_PREPROCESSOR_DEFINITIONS = (
					"DEBUG=1",
					"$(inherited)",
				);
				GCC_WARN_64_TO_32_BIT_CONVERSION = YES;
				GCC_WARN_ABOUT_RETURN_TYPE = YES_ERROR;
				GCC_WARN_UNDECLARED_SELECTOR = YES;
				GCC_WARN_UNINITIALIZED_AUTOS = YES_AGGRESSIVE;
				GCC_WARN_UNUSED_FUNCTION = YES;
				GCC_WARN_UNUSED_VARIABLE = YES;
				IPHONEOS_DEPLOYMENT_TARGET = 18.1;
				LOCALIZATION_PREFERS_STRING_CATALOGS = YES;
				MTL_ENABLE_DEBUG_INFO = INCLUDE_SOURCE;
				MTL_FAST_MATH = YES;
				ONLY_ACTIVE_ARCH = YES;
				SDKROOT = iphoneos;
				SWIFT_ACTIVE_COMPILATION_CONDITIONS = "DEBUG $(inherited)";
				SWIFT_OPTIMIZATION_LEVEL = "-Onone";
			};
			name = Debug;
		};
		BAB3E29F2D52761E00F888B9 /* Release */ = {
			isa = XCBuildConfiguration;
			buildSettings = {
				ALWAYS_SEARCH_USER_PATHS = NO;
				ASSETCATALOG_COMPILER_GENERATE_SWIFT_ASSET_SYMBOL_EXTENSIONS = YES;
				CLANG_ANALYZER_NONNULL = YES;
				CLANG_ANALYZER_NUMBER_OBJECT_CONVERSION = YES_AGGRESSIVE;
				CLANG_CXX_LANGUAGE_STANDARD = "gnu++20";
				CLANG_ENABLE_MODULES = YES;
				CLANG_ENABLE_OBJC_ARC = YES;
				CLANG_ENABLE_OBJC_WEAK = YES;
				CLANG_WARN_BLOCK_CAPTURE_AUTORELEASING = YES;
				CLANG_WARN_BOOL_CONVERSION = YES;
				CLANG_WARN_COMMA = YES;
				CLANG_WARN_CONSTANT_CONVERSION = YES;
				CLANG_WARN_DEPRECATED_OBJC_IMPLEMENTATIONS = YES;
				CLANG_WARN_DIRECT_OBJC_ISA_USAGE = YES_ERROR;
				CLANG_WARN_DOCUMENTATION_COMMENTS = YES;
				CLANG_WARN_EMPTY_BODY = YES;
				CLANG_WARN_ENUM_CONVERSION = YES;
				CLANG_WARN_INFINITE_RECURSION = YES;
				CLANG_WARN_INT_CONVERSION = YES;
				CLANG_WARN_NON_LITERAL_NULL_CONVERSION = YES;
				CLANG_WARN_OBJC_IMPLICIT_RETAIN_SELF = YES;
				CLANG_WARN_OBJC_LITERAL_CONVERSION = YES;
				CLANG_WARN_OBJC_ROOT_CLASS = YES_ERROR;
				CLANG_WARN_QUOTED_INCLUDE_IN_FRAMEWORK_HEADER = YES;
				CLANG_WARN_RANGE_LOOP_ANALYSIS = YES;
				CLANG_WARN_STRICT_PROTOTYPES = YES;
				CLANG_WARN_SUSPICIOUS_MOVE = YES;
				CLANG_WARN_UNGUARDED_AVAILABILITY = YES_AGGRESSIVE;
				CLANG_WARN_UNREACHABLE_CODE = YES;
				CLANG_WARN__DUPLICATE_METHOD_MATCH = YES;
				COPY_PHASE_STRIP = NO;
				DEBUG_INFORMATION_FORMAT = "dwarf-with-dsym";
				ENABLE_NS_ASSERTIONS = NO;
				ENABLE_STRICT_OBJC_MSGSEND = YES;
				ENABLE_USER_SCRIPT_SANDBOXING = YES;
				GCC_C_LANGUAGE_STANDARD = gnu17;
				GCC_NO_COMMON_BLOCKS = YES;
				GCC_WARN_64_TO_32_BIT_CONVERSION = YES;
				GCC_WARN_ABOUT_RETURN_TYPE = YES_ERROR;
				GCC_WARN_UNDECLARED_SELECTOR = YES;
				GCC_WARN_UNINITIALIZED_AUTOS = YES_AGGRESSIVE;
				GCC_WARN_UNUSED_FUNCTION = YES;
				GCC_WARN_UNUSED_VARIABLE = YES;
				IPHONEOS_DEPLOYMENT_TARGET = 18.1;
				LOCALIZATION_PREFERS_STRING_CATALOGS = YES;
				MTL_ENABLE_DEBUG_INFO = NO;
				MTL_FAST_MATH = YES;
				SDKROOT = iphoneos;
				SWIFT_COMPILATION_MODE = wholemodule;
				VALIDATE_PRODUCT = YES;
			};
			name = Release;
		};
		BAB3E2A12D52761E00F888B9 /* Debug */ = {
			isa = XCBuildConfiguration;
			buildSettings = {
				ASSETCATALOG_COMPILER_APPICON_NAME = AppIcon;
				ASSETCATALOG_COMPILER_GLOBAL_ACCENT_COLOR_NAME = AccentColor;
				CODE_SIGN_STYLE = Automatic;
				CURRENT_PROJECT_VERSION = 1;
				DEVELOPMENT_ASSET_PATHS = "\"FetchProject/Preview Content\"";
				DEVELOPMENT_TEAM = CT2P7VWHVS;
				ENABLE_PREVIEWS = YES;
				GENERATE_INFOPLIST_FILE = YES;
				INFOPLIST_KEY_UIApplicationSceneManifest_Generation = YES;
				INFOPLIST_KEY_UIApplicationSupportsIndirectInputEvents = YES;
				INFOPLIST_KEY_UILaunchScreen_Generation = YES;
				INFOPLIST_KEY_UISupportedInterfaceOrientations_iPad = "UIInterfaceOrientationPortrait UIInterfaceOrientationPortraitUpsideDown UIInterfaceOrientationLandscapeLeft UIInterfaceOrientationLandscapeRight";
				INFOPLIST_KEY_UISupportedInterfaceOrientations_iPhone = "UIInterfaceOrientationPortrait UIInterfaceOrientationLandscapeLeft UIInterfaceOrientationLandscapeRight";
				LD_RUNPATH_SEARCH_PATHS = (
					"$(inherited)",
					"@executable_path/Frameworks",
				);
				MARKETING_VERSION = 1.0;
				PRODUCT_BUNDLE_IDENTIFIER = com.KReid.FetchProject;
				PRODUCT_NAME = "$(TARGET_NAME)";
				SWIFT_EMIT_LOC_STRINGS = YES;
				SWIFT_VERSION = 5.0;
				TARGETED_DEVICE_FAMILY = "1,2";
			};
			name = Debug;
		};
		BAB3E2A22D52761E00F888B9 /* Release */ = {
			isa = XCBuildConfiguration;
			buildSettings = {
				ASSETCATALOG_COMPILER_APPICON_NAME = AppIcon;
				ASSETCATALOG_COMPILER_GLOBAL_ACCENT_COLOR_NAME = AccentColor;
				CODE_SIGN_STYLE = Automatic;
				CURRENT_PROJECT_VERSION = 1;
				DEVELOPMENT_ASSET_PATHS = "\"FetchProject/Preview Content\"";
				DEVELOPMENT_TEAM = CT2P7VWHVS;
				ENABLE_PREVIEWS = YES;
				GENERATE_INFOPLIST_FILE = YES;
				INFOPLIST_KEY_UIApplicationSceneManifest_Generation = YES;
				INFOPLIST_KEY_UIApplicationSupportsIndirectInputEvents = YES;
				INFOPLIST_KEY_UILaunchScreen_Generation = YES;
				INFOPLIST_KEY_UISupportedInterfaceOrientations_iPad = "UIInterfaceOrientationPortrait UIInterfaceOrientationPortraitUpsideDown UIInterfaceOrientationLandscapeLeft UIInterfaceOrientationLandscapeRight";
				INFOPLIST_KEY_UISupportedInterfaceOrientations_iPhone = "UIInterfaceOrientationPortrait UIInterfaceOrientationLandscapeLeft UIInterfaceOrientationLandscapeRight";
				LD_RUNPATH_SEARCH_PATHS = (
					"$(inherited)",
					"@executable_path/Frameworks",
				);
				MARKETING_VERSION = 1.0;
				PRODUCT_BUNDLE_IDENTIFIER = com.KReid.FetchProject;
				PRODUCT_NAME = "$(TARGET_NAME)";
				SWIFT_EMIT_LOC_STRINGS = YES;
				SWIFT_VERSION = 5.0;
				TARGETED_DEVICE_FAMILY = "1,2";
			};
			name = Release;
		};
		BAB3E2A42D52761E00F888B9 /* Debug */ = {
			isa = XCBuildConfiguration;
			buildSettings = {
				BUNDLE_LOADER = "$(TEST_HOST)";
				CODE_SIGN_STYLE = Automatic;
				CURRENT_PROJECT_VERSION = 1;
				DEVELOPMENT_TEAM = CT2P7VWHVS;
				GENERATE_INFOPLIST_FILE = YES;
				IPHONEOS_DEPLOYMENT_TARGET = 18.1;
				MARKETING_VERSION = 1.0;
				PRODUCT_BUNDLE_IDENTIFIER = com.KReid.FetchProjectTests;
				PRODUCT_NAME = "$(TARGET_NAME)";
				SWIFT_EMIT_LOC_STRINGS = NO;
				SWIFT_VERSION = 5.0;
				TARGETED_DEVICE_FAMILY = "1,2";
				TEST_HOST = "$(BUILT_PRODUCTS_DIR)/FetchProject.app/$(BUNDLE_EXECUTABLE_FOLDER_PATH)/FetchProject";
			};
			name = Debug;
		};
		BAB3E2A52D52761E00F888B9 /* Release */ = {
			isa = XCBuildConfiguration;
			buildSettings = {
				BUNDLE_LOADER = "$(TEST_HOST)";
				CODE_SIGN_STYLE = Automatic;
				CURRENT_PROJECT_VERSION = 1;
				DEVELOPMENT_TEAM = CT2P7VWHVS;
				GENERATE_INFOPLIST_FILE = YES;
				IPHONEOS_DEPLOYMENT_TARGET = 18.1;
				MARKETING_VERSION = 1.0;
				PRODUCT_BUNDLE_IDENTIFIER = com.KReid.FetchProjectTests;
				PRODUCT_NAME = "$(TARGET_NAME)";
				SWIFT_EMIT_LOC_STRINGS = NO;
				SWIFT_VERSION = 5.0;
				TARGETED_DEVICE_FAMILY = "1,2";
				TEST_HOST = "$(BUILT_PRODUCTS_DIR)/FetchProject.app/$(BUNDLE_EXECUTABLE_FOLDER_PATH)/FetchProject";
			};
			name = Release;
		};
		BAB3E2A72D52761E00F888B9 /* Debug */ = {
			isa = XCBuildConfiguration;
			buildSettings = {
				CODE_SIGN_STYLE = Automatic;
				CURRENT_PROJECT_VERSION = 1;
				DEVELOPMENT_TEAM = CT2P7VWHVS;
				GENERATE_INFOPLIST_FILE = YES;
				MARKETING_VERSION = 1.0;
				PRODUCT_BUNDLE_IDENTIFIER = com.KReid.FetchProjectUITests;
				PRODUCT_NAME = "$(TARGET_NAME)";
				SWIFT_EMIT_LOC_STRINGS = NO;
				SWIFT_VERSION = 5.0;
				TARGETED_DEVICE_FAMILY = "1,2";
				TEST_TARGET_NAME = FetchProject;
			};
			name = Debug;
		};
		BAB3E2A82D52761E00F888B9 /* Release */ = {
			isa = XCBuildConfiguration;
			buildSettings = {
				CODE_SIGN_STYLE = Automatic;
				CURRENT_PROJECT_VERSION = 1;
				DEVELOPMENT_TEAM = CT2P7VWHVS;
				GENERATE_INFOPLIST_FILE = YES;
				MARKETING_VERSION = 1.0;
				PRODUCT_BUNDLE_IDENTIFIER = com.KReid.FetchProjectUITests;
				PRODUCT_NAME = "$(TARGET_NAME)";
				SWIFT_EMIT_LOC_STRINGS = NO;
				SWIFT_VERSION = 5.0;
				TARGETED_DEVICE_FAMILY = "1,2";
				TEST_TARGET_NAME = FetchProject;
			};
			name = Release;
		};
/* End XCBuildConfiguration section */

/* Begin XCConfigurationList section */
		BAB3E2722D52761A00F888B9 /* Build configuration list for PBXProject "FetchProject" */ = {
			isa = XCConfigurationList;
			buildConfigurations = (
				BAB3E29E2D52761E00F888B9 /* Debug */,
				BAB3E29F2D52761E00F888B9 /* Release */,
			);
			defaultConfigurationIsVisible = 0;
			defaultConfigurationName = Release;
		};
		BAB3E2A02D52761E00F888B9 /* Build configuration list for PBXNativeTarget "FetchProject" */ = {
			isa = XCConfigurationList;
			buildConfigurations = (
				BAB3E2A12D52761E00F888B9 /* Debug */,
				BAB3E2A22D52761E00F888B9 /* Release */,
			);
			defaultConfigurationIsVisible = 0;
			defaultConfigurationName = Release;
		};
		BAB3E2A32D52761E00F888B9 /* Build configuration list for PBXNativeTarget "FetchProjectTests" */ = {
			isa = XCConfigurationList;
			buildConfigurations = (
				BAB3E2A42D52761E00F888B9 /* Debug */,
				BAB3E2A52D52761E00F888B9 /* Release */,
			);
			defaultConfigurationIsVisible = 0;
			defaultConfigurationName = Release;
		};
		BAB3E2A62D52761E00F888B9 /* Build configuration list for PBXNativeTarget "FetchProjectUITests" */ = {
			isa = XCConfigurationList;
			buildConfigurations = (
				BAB3E2A72D52761E00F888B9 /* Debug */,
				BAB3E2A82D52761E00F888B9 /* Release */,
			);
			defaultConfigurationIsVisible = 0;
			defaultConfigurationName = Release;
		};
/* End XCConfigurationList section */
	};
	rootObject = BAB3E26F2D52761A00F888B9 /* Project object */;
}
